
Microsoft Visual Studio Solution File, Format Version 12.00
# Visual Studio 15
VisualStudioVersion = 15.0.26124.0
MinimumVisualStudioVersion = 15.0.26124.0
Project("{FAE04EC0-301F-11D3-BF4B-00C04F79EFBC}") = "notoro", "Notoro\notoro.csproj", "{EF3782EF-FF2E-4E1F-A5D6-F328EF80324A}"
EndProject
Project("{FAE04EC0-301F-11D3-BF4B-00C04F79EFBC}") = "Notoro.Tests", "Notoro.Tests\Notoro.Tests.csproj", "{2205D40D-FAC2-4EE9-B127-0A2479B8E87C}"
EndProject
Global
	GlobalSection(SolutionConfigurationPlatforms) = preSolution
		Debug|Any CPU = Debug|Any CPU
		Debug|x64 = Debug|x64
		Debug|x86 = Debug|x86
		Release|Any CPU = Release|Any CPU
		Release|x64 = Release|x64
		Release|x86 = Release|x86
	EndGlobalSection
	GlobalSection(SolutionProperties) = preSolution
		HideSolutionNode = FALSE
	EndGlobalSection
	GlobalSection(ProjectConfigurationPlatforms) = postSolution
		{EF3782EF-FF2E-4E1F-A5D6-F328EF80324A}.Debug|Any CPU.ActiveCfg = Debug|Any CPU
		{EF3782EF-FF2E-4E1F-A5D6-F328EF80324A}.Debug|Any CPU.Build.0 = Debug|Any CPU
		{EF3782EF-FF2E-4E1F-A5D6-F328EF80324A}.Debug|x64.ActiveCfg = Debug|Any CPU
		{EF3782EF-FF2E-4E1F-A5D6-F328EF80324A}.Debug|x64.Build.0 = Debug|Any CPU
		{EF3782EF-FF2E-4E1F-A5D6-F328EF80324A}.Debug|x86.ActiveCfg = Debug|Any CPU
		{EF3782EF-FF2E-4E1F-A5D6-F328EF80324A}.Debug|x86.Build.0 = Debug|Any CPU
		{EF3782EF-FF2E-4E1F-A5D6-F328EF80324A}.Release|Any CPU.ActiveCfg = Release|Any CPU
		{EF3782EF-FF2E-4E1F-A5D6-F328EF80324A}.Release|Any CPU.Build.0 = Release|Any CPU
		{EF3782EF-FF2E-4E1F-A5D6-F328EF80324A}.Release|x64.ActiveCfg = Release|Any CPU
		{EF3782EF-FF2E-4E1F-A5D6-F328EF80324A}.Release|x64.Build.0 = Release|Any CPU
		{EF3782EF-FF2E-4E1F-A5D6-F328EF80324A}.Release|x86.ActiveCfg = Release|Any CPU
		{EF3782EF-FF2E-4E1F-A5D6-F328EF80324A}.Release|x86.Build.0 = Release|Any CPU
		{2205D40D-FAC2-4EE9-B127-0A2479B8E87C}.Debug|Any CPU.ActiveCfg = Debug|Any CPU
		{2205D40D-FAC2-4EE9-B127-0A2479B8E87C}.Debug|Any CPU.Build.0 = Debug|Any CPU
		{2205D40D-FAC2-4EE9-B127-0A2479B8E87C}.Debug|x64.ActiveCfg = Debug|Any CPU
		{2205D40D-FAC2-4EE9-B127-0A2479B8E87C}.Debug|x64.Build.0 = Debug|Any CPU
		{2205D40D-FAC2-4EE9-B127-0A2479B8E87C}.Debug|x86.ActiveCfg = Debug|Any CPU
		{2205D40D-FAC2-4EE9-B127-0A2479B8E87C}.Debug|x86.Build.0 = Debug|Any CPU
		{2205D40D-FAC2-4EE9-B127-0A2479B8E87C}.Release|Any CPU.ActiveCfg = Release|Any CPU
		{2205D40D-FAC2-4EE9-B127-0A2479B8E87C}.Release|Any CPU.Build.0 = Release|Any CPU
		{2205D40D-FAC2-4EE9-B127-0A2479B8E87C}.Release|x64.ActiveCfg = Release|Any CPU
		{2205D40D-FAC2-4EE9-B127-0A2479B8E87C}.Release|x64.Build.0 = Release|Any CPU
		{2205D40D-FAC2-4EE9-B127-0A2479B8E87C}.Release|x86.ActiveCfg = Release|Any CPU
		{2205D40D-FAC2-4EE9-B127-0A2479B8E87C}.Release|x86.Build.0 = Release|Any CPU
	EndGlobalSection
EndGlobal
